// !$*UTF8*$!
{
	archiveVersion = 1;
	classes = {
	};
	objectVersion = 55;
	objects = {

/* Begin PBXBuildFile section */
		043C2F1B28590B1D002C8B61 /* AppDelegate.swift in Sources */ = {isa = PBXBuildFile; fileRef = 043C2F1A28590B1D002C8B61 /* AppDelegate.swift */; };
		043C2F1D28590B1D002C8B61 /* SceneDelegate.swift in Sources */ = {isa = PBXBuildFile; fileRef = 043C2F1C28590B1D002C8B61 /* SceneDelegate.swift */; };
		043C2F1F28590B1D002C8B61 /* ViewController.swift in Sources */ = {isa = PBXBuildFile; fileRef = 043C2F1E28590B1D002C8B61 /* ViewController.swift */; };
		043C2F2228590B1D002C8B61 /* Main.storyboard in Resources */ = {isa = PBXBuildFile; fileRef = 043C2F2028590B1D002C8B61 /* Main.storyboard */; };
		043C2F2428590B1E002C8B61 /* Assets.xcassets in Resources */ = {isa = PBXBuildFile; fileRef = 043C2F2328590B1E002C8B61 /* Assets.xcassets */; };
		043C2F2728590B1E002C8B61 /* LaunchScreen.storyboard in Resources */ = {isa = PBXBuildFile; fileRef = 043C2F2528590B1E002C8B61 /* LaunchScreen.storyboard */; };
		043C2F3228590B53002C8B61 /* Slt.framework in Frameworks */ = {isa = PBXBuildFile; fileRef = 043C2F2F28590B53002C8B61 /* Slt.framework */; };
		043C2F3328590B54002C8B61 /* OpenEars.framework in Frameworks */ = {isa = PBXBuildFile; fileRef = 043C2F3028590B53002C8B61 /* OpenEars.framework */; };
		043C2F3428590B54002C8B61 /* AcousticModelEnglish.bundle in Resources */ = {isa = PBXBuildFile; fileRef = 043C2F3128590B53002C8B61 /* AcousticModelEnglish.bundle */; };
		043C2F3528590BBB002C8B61 /* AcousticModelEnglish.bundle in Sources */ = {isa = PBXBuildFile; fileRef = 043C2F3128590B53002C8B61 /* AcousticModelEnglish.bundle */; };
/* End PBXBuildFile section */

/* Begin PBXFileReference section */
		043C2F1728590B1D002C8B61 /* TaskSpeech.app */ = {isa = PBXFileReference; explicitFileType = wrapper.application; includeInIndex = 0; path = TaskSpeech.app; sourceTree = BUILT_PRODUCTS_DIR; };
		043C2F1A28590B1D002C8B61 /* AppDelegate.swift */ = {isa = PBXFileReference; lastKnownFileType = sourcecode.swift; path = AppDelegate.swift; sourceTree = "<group>"; };
		043C2F1C28590B1D002C8B61 /* SceneDelegate.swift */ = {isa = PBXFileReference; lastKnownFileType = sourcecode.swift; path = SceneDelegate.swift; sourceTree = "<group>"; };
		043C2F1E28590B1D002C8B61 /* ViewController.swift */ = {isa = PBXFileReference; lastKnownFileType = sourcecode.swift; path = ViewController.swift; sourceTree = "<group>"; };
		043C2F2128590B1D002C8B61 /* Base */ = {isa = PBXFileReference; lastKnownFileType = file.storyboard; name = Base; path = Base.lproj/Main.storyboard; sourceTree = "<group>"; };
		043C2F2328590B1E002C8B61 /* Assets.xcassets */ = {isa = PBXFileReference; lastKnownFileType = folder.assetcatalog; path = Assets.xcassets; sourceTree = "<group>"; };
		043C2F2628590B1E002C8B61 /* Base */ = {isa = PBXFileReference; lastKnownFileType = file.storyboard; name = Base; path = Base.lproj/LaunchScreen.storyboard; sourceTree = "<group>"; };
		043C2F2828590B1E002C8B61 /* Info.plist */ = {isa = PBXFileReference; lastKnownFileType = text.plist.xml; path = Info.plist; sourceTree = "<group>"; };
		043C2F2F28590B53002C8B61 /* Slt.framework */ = {isa = PBXFileReference; lastKnownFileType = wrapper.framework; path = Slt.framework; sourceTree = "<group>"; };
		043C2F3028590B53002C8B61 /* OpenEars.framework */ = {isa = PBXFileReference; lastKnownFileType = wrapper.framework; path = OpenEars.framework; sourceTree = "<group>"; };
		043C2F3128590B53002C8B61 /* AcousticModelEnglish.bundle */ = {isa = PBXFileReference; lastKnownFileType = "wrapper.plug-in"; path = AcousticModelEnglish.bundle; sourceTree = "<group>"; };
		043C2F3628590C02002C8B61 /* OpenEarsHeader.h */ = {isa = PBXFileReference; lastKnownFileType = sourcecode.c.h; path = OpenEarsHeader.h; sourceTree = "<group>"; };
/* End PBXFileReference section */

/* Begin PBXFrameworksBuildPhase section */
		043C2F1428590B1D002C8B61 /* Frameworks */ = {
			isa = PBXFrameworksBuildPhase;
			buildActionMask = 2147483647;
			files = (
				043C2F3228590B53002C8B61 /* Slt.framework in Frameworks */,
				043C2F3328590B54002C8B61 /* OpenEars.framework in Frameworks */,
			);
			runOnlyForDeploymentPostprocessing = 0;
		};
/* End PBXFrameworksBuildPhase section */

/* Begin PBXGroup section */
		043C2F0E28590B1D002C8B61 = {
			isa = PBXGroup;
			children = (
				043C2F2E28590B53002C8B61 /* Framework */,
				043C2F1928590B1D002C8B61 /* TaskSpeech */,
				043C2F1828590B1D002C8B61 /* Products */,
			);
			sourceTree = "<group>";
		};
		043C2F1828590B1D002C8B61 /* Products */ = {
			isa = PBXGroup;
			children = (
				043C2F1728590B1D002C8B61 /* TaskSpeech.app */,
			);
			name = Products;
			sourceTree = "<group>";
		};
		043C2F1928590B1D002C8B61 /* TaskSpeech */ = {
			isa = PBXGroup;
			children = (
				043C2F1A28590B1D002C8B61 /* AppDelegate.swift */,
				043C2F1C28590B1D002C8B61 /* SceneDelegate.swift */,
				043C2F1E28590B1D002C8B61 /* ViewController.swift */,
				043C2F2028590B1D002C8B61 /* Main.storyboard */,
				043C2F2328590B1E002C8B61 /* Assets.xcassets */,
				043C2F2528590B1E002C8B61 /* LaunchScreen.storyboard */,
				043C2F2828590B1E002C8B61 /* Info.plist */,
				043C2F3628590C02002C8B61 /* OpenEarsHeader.h */,
			);
			path = TaskSpeech;
			sourceTree = "<group>";
		};
		043C2F2E28590B53002C8B61 /* Framework */ = {
			isa = PBXGroup;
			children = (
				043C2F2F28590B53002C8B61 /* Slt.framework */,
				043C2F3028590B53002C8B61 /* OpenEars.framework */,
				043C2F3128590B53002C8B61 /* AcousticModelEnglish.bundle */,
			);
			path = Framework;
			sourceTree = "<group>";
		};
/* End PBXGroup section */

/* Begin PBXNativeTarget section */
		043C2F1628590B1D002C8B61 /* TaskSpeech */ = {
			isa = PBXNativeTarget;
			buildConfigurationList = 043C2F2B28590B1E002C8B61 /* Build configuration list for PBXNativeTarget "TaskSpeech" */;
			buildPhases = (
				043C2F1328590B1D002C8B61 /* Sources */,
				043C2F1428590B1D002C8B61 /* Frameworks */,
				043C2F1528590B1D002C8B61 /* Resources */,
			);
			buildRules = (
			);
			dependencies = (
			);
			name = TaskSpeech;
			productName = TaskSpeech;
			productReference = 043C2F1728590B1D002C8B61 /* TaskSpeech.app */;
			productType = "com.apple.product-type.application";
		};
/* End PBXNativeTarget section */

/* Begin PBXProject section */
		043C2F0F28590B1D002C8B61 /* Project object */ = {
			isa = PBXProject;
			attributes = {
				BuildIndependentTargetsInParallel = 1;
				LastSwiftUpdateCheck = 1320;
				LastUpgradeCheck = 1320;
				TargetAttributes = {
					043C2F1628590B1D002C8B61 = {
						CreatedOnToolsVersion = 13.2.1;
					};
				};
			};
			buildConfigurationList = 043C2F1228590B1D002C8B61 /* Build configuration list for PBXProject "TaskSpeech" */;
			compatibilityVersion = "Xcode 13.0";
			developmentRegion = en;
			hasScannedForEncodings = 0;
			knownRegions = (
				en,
				Base,
			);
			mainGroup = 043C2F0E28590B1D002C8B61;
			productRefGroup = 043C2F1828590B1D002C8B61 /* Products */;
			projectDirPath = "";
			projectRoot = "";
			targets = (
				043C2F1628590B1D002C8B61 /* TaskSpeech */,
			);
		};
/* End PBXProject section */

/* Begin PBXResourcesBuildPhase section */
		043C2F1528590B1D002C8B61 /* Resources */ = {
			isa = PBXResourcesBuildPhase;
			buildActionMask = 2147483647;
			files = (
				043C2F2728590B1E002C8B61 /* LaunchScreen.storyboard in Resources */,
				043C2F3428590B54002C8B61 /* AcousticModelEnglish.bundle in Resources */,
				043C2F2428590B1E002C8B61 /* Assets.xcassets in Resources */,
				043C2F2228590B1D002C8B61 /* Main.storyboard in Resources */,
			);
			runOnlyForDeploymentPostprocessing = 0;
		};
/* End PBXResourcesBuildPhase section */

/* Begin PBXSourcesBuildPhase section */
		043C2F1328590B1D002C8B61 /* Sources */ = {
			isa = PBXSourcesBuildPhase;
			buildActionMask = 2147483647;
			files = (
				043C2F3528590BBB002C8B61 /* AcousticModelEnglish.bundle in Sources */,
				043C2F1F28590B1D002C8B61 /* ViewController.swift in Sources */,
				043C2F1B28590B1D002C8B61 /* AppDelegate.swift in Sources */,
				043C2F1D28590B1D002C8B61 /* SceneDelegate.swift in Sources */,
			);
			runOnlyForDeploymentPostprocessing = 0;
		};
/* End PBXSourcesBuildPhase section */

/* Begin PBXVariantGroup section */
		043C2F2028590B1D002C8B61 /* Main.storyboard */ = {
			isa = PBXVariantGroup;
			children = (
				043C2F2128590B1D002C8B61 /* Base */,
			);
			name = Main.storyboard;
			sourceTree = "<group>";
		};
		043C2F2528590B1E002C8B61 /* LaunchScreen.storyboard */ = {
			isa = PBXVariantGroup;
			children = (
				043C2F2628590B1E002C8B61 /* Base */,
			);
			name = LaunchScreen.storyboard;
			sourceTree = "<group>";
		};
/* End PBXVariantGroup section */

/* Begin XCBuildConfiguration section */
		043C2F2928590B1E002C8B61 /* Debug */ = {
			isa = XCBuildConfiguration;
			buildSettings = {
				ALWAYS_SEARCH_USER_PATHS = NO;
				CLANG_ANALYZER_NONNULL = YES;
				CLANG_ANALYZER_NUMBER_OBJECT_CONVERSION = YES_AGGRESSIVE;
				CLANG_CXX_LANGUAGE_STANDARD = "gnu++17";
				CLANG_CXX_LIBRARY = "libc++";
				CLANG_ENABLE_MODULES = YES;
				CLANG_ENABLE_OBJC_ARC = YES;
				CLANG_ENABLE_OBJC_WEAK = YES;
				CLANG_WARN_BLOCK_CAPTURE_AUTORELEASING = YES;
				CLANG_WARN_BOOL_CONVERSION = YES;
				CLANG_WARN_COMMA = YES;
				CLANG_WARN_CONSTANT_CONVERSION = YES;
				CLANG_WARN_DEPRECATED_OBJC_IMPLEMENTATIONS = YES;
				CLANG_WARN_DIRECT_OBJC_ISA_USAGE = YES_ERROR;
				CLANG_WARN_DOCUMENTATION_COMMENTS = YES;
				CLANG_WARN_EMPTY_BODY = YES;
				CLANG_WARN_ENUM_CONVERSION = YES;
				CLANG_WARN_INFINITE_RECURSION = YES;
				CLANG_WARN_INT_CONVERSION = YES;
				CLANG_WARN_NON_LITERAL_NULL_CONVERSION = YES;
				CLANG_WARN_OBJC_IMPLICIT_RETAIN_SELF = YES;
				CLANG_WARN_OBJC_LITERAL_CONVERSION = YES;
				CLANG_WARN_OBJC_ROOT_CLASS = YES_ERROR;
				CLANG_WARN_QUOTED_INCLUDE_IN_FRAMEWORK_HEADER = YES;
				CLANG_WARN_RANGE_LOOP_ANALYSIS = YES;
				CLANG_WARN_STRICT_PROTOTYPES = YES;
				CLANG_WARN_SUSPICIOUS_MOVE = YES;
				CLANG_WARN_UNGUARDED_AVAILABILITY = YES_AGGRESSIVE;
				CLANG_WARN_UNREACHABLE_CODE = YES;
				CLANG_WARN__DUPLICATE_METHOD_MATCH = YES;
				COPY_PHASE_STRIP = NO;
				DEBUG_INFORMATION_FORMAT = dwarf;
				ENABLE_STRICT_OBJC_MSGSEND = YES;
				ENABLE_TESTABILITY = YES;
				GCC_C_LANGUAGE_STANDARD = gnu11;
				GCC_DYNAMIC_NO_PIC = NO;
				GCC_NO_COMMON_BLOCKS = YES;
				GCC_OPTIMIZATION_LEVEL = 0;
				GCC_PREPROCESSOR_DEFINITIONS = (
					"DEBUG=1",
					"$(inherited)",
				);
				GCC_WARN_64_TO_32_BIT_CONVERSION = YES;
				GCC_WARN_ABOUT_RETURN_TYPE = YES_ERROR;
				GCC_WARN_UNDECLARED_SELECTOR = YES;
				GCC_WARN_UNINITIALIZED_AUTOS = YES_AGGRESSIVE;
				GCC_WARN_UNUSED_FUNCTION = YES;
				GCC_WARN_UNUSED_VARIABLE = YES;
				IPHONEOS_DEPLOYMENT_TARGET = 15.2;
				MTL_ENABLE_DEBUG_INFO = INCLUDE_SOURCE;
				MTL_FAST_MATH = YES;
				ONLY_ACTIVE_ARCH = YES;
				SDKROOT = iphoneos;
				SWIFT_ACTIVE_COMPILATION_CONDITIONS = DEBUG;
				SWIFT_OPTIMIZATION_LEVEL = "-Onone";
			};
			name = Debug;
		};
		043C2F2A28590B1E002C8B61 /* Release */ = {
			isa = XCBuildConfiguration;
			buildSettings = {
				ALWAYS_SEARCH_USER_PATHS = NO;
				CLANG_ANALYZER_NONNULL = YES;
				CLANG_ANALYZER_NUMBER_OBJECT_CONVERSION = YES_AGGRESSIVE;
				CLANG_CXX_LANGUAGE_STANDARD = "gnu++17";
				CLANG_CXX_LIBRARY = "libc++";
				CLANG_ENABLE_MODULES = YES;
				CLANG_ENABLE_OBJC_ARC = YES;
				CLANG_ENABLE_OBJC_WEAK = YES;
				CLANG_WARN_BLOCK_CAPTURE_AUTORELEASING = YES;
				CLANG_WARN_BOOL_CONVERSION = YES;
				CLANG_WARN_COMMA = YES;
				CLANG_WARN_CONSTANT_CONVERSION = YES;
				CLANG_WARN_DEPRECATED_OBJC_IMPLEMENTATIONS = YES;
				CLANG_WARN_DIRECT_OBJC_ISA_USAGE = YES_ERROR;
				CLANG_WARN_DOCUMENTATION_COMMENTS = YES;
				CLANG_WARN_EMPTY_BODY = YES;
				CLANG_WARN_ENUM_CONVERSION = YES;
				CLANG_WARN_INFINITE_RECURSION = YES;
				CLANG_WARN_INT_CONVERSION = YES;
				CLANG_WARN_NON_LITERAL_NULL_CONVERSION = YES;
				CLANG_WARN_OBJC_IMPLICIT_RETAIN_SELF = YES;
				CLANG_WARN_OBJC_LITERAL_CONVERSION = YES;
				CLANG_WARN_OBJC_ROOT_CLASS = YES_ERROR;
				CLANG_WARN_QUOTED_INCLUDE_IN_FRAMEWORK_HEADER = YES;
				CLANG_WARN_RANGE_LOOP_ANALYSIS = YES;
				CLANG_WARN_STRICT_PROTOTYPES = YES;
				CLANG_WARN_SUSPICIOUS_MOVE = YES;
				CLANG_WARN_UNGUARDED_AVAILABILITY = YES_AGGRESSIVE;
				CLANG_WARN_UNREACHABLE_CODE = YES;
				CLANG_WARN__DUPLICATE_METHOD_MATCH = YES;
				COPY_PHASE_STRIP = NO;
				DEBUG_INFORMATION_FORMAT = "dwarf-with-dsym";
				ENABLE_NS_ASSERTIONS = NO;
				ENABLE_STRICT_OBJC_MSGSEND = YES;
				GCC_C_LANGUAGE_STANDARD = gnu11;
				GCC_NO_COMMON_BLOCKS = YES;
				GCC_WARN_64_TO_32_BIT_CONVERSION = YES;
				GCC_WARN_ABOUT_RETURN_TYPE = YES_ERROR;
				GCC_WARN_UNDECLARED_SELECTOR = YES;
				GCC_WARN_UNINITIALIZED_AUTOS = YES_AGGRESSIVE;
				GCC_WARN_UNUSED_FUNCTION = YES;
				GCC_WARN_UNUSED_VARIABLE = YES;
				IPHONEOS_DEPLOYMENT_TARGET = 15.2;
				MTL_ENABLE_DEBUG_INFO = NO;
				MTL_FAST_MATH = YES;
				SDKROOT = iphoneos;
				SWIFT_COMPILATION_MODE = wholemodule;
				SWIFT_OPTIMIZATION_LEVEL = "-O";
				VALIDATE_PRODUCT = YES;
			};
			name = Release;
		};
		043C2F2C28590B1E002C8B61 /* Debug */ = {
			isa = XCBuildConfiguration;
			buildSettings = {
				ASSETCATALOG_COMPILER_APPICON_NAME = AppIcon;
				ASSETCATALOG_COMPILER_GLOBAL_ACCENT_COLOR_NAME = AccentColor;
				CODE_SIGN_STYLE = Automatic;
				CURRENT_PROJECT_VERSION = 1;
				DEVELOPMENT_TEAM = DF58PAJ98V;
				FRAMEWORK_SEARCH_PATHS = (
					"$(inherited)",
					"$(PROJECT_DIR)/Framework",
				);
				GENERATE_INFOPLIST_FILE = YES;
				INFOPLIST_FILE = TaskSpeech/Info.plist;
				INFOPLIST_KEY_UIApplicationSupportsIndirectInputEvents = YES;
				INFOPLIST_KEY_UILaunchStoryboardName = LaunchScreen;
				INFOPLIST_KEY_UIMainStoryboardFile = Main;
				INFOPLIST_KEY_UISupportedInterfaceOrientations_iPad = "UIInterfaceOrientationPortrait UIInterfaceOrientationPortraitUpsideDown UIInterfaceOrientationLandscapeLeft UIInterfaceOrientationLandscapeRight";
				INFOPLIST_KEY_UISupportedInterfaceOrientations_iPhone = "UIInterfaceOrientationPortrait UIInterfaceOrientationLandscapeLeft UIInterfaceOrientationLandscapeRight";
				LD_RUNPATH_SEARCH_PATHS = (
					"$(inherited)",
					"@executable_path/Frameworks",
				);
				MARKETING_VERSION = 1.0;
				PRODUCT_BUNDLE_IDENTIFIER = edu.depaul.csc471..TaskSpeech;
				PRODUCT_NAME = "$(TARGET_NAME)";
				SWIFT_EMIT_LOC_STRINGS = YES;
				SWIFT_OBJC_BRIDGING_HEADER = ../TaskSpeech/TaskSpeech/OpenEarsHeader.h;
				SWIFT_VERSION = 5.0;
				TARGETED_DEVICE_FAMILY = "1,2";
			};
			name = Debug;
		};
		043C2F2D28590B1E002C8B61 /* Release */ = {
			isa = XCBuildConfiguration;
			buildSettings = {
				ASSETCATALOG_COMPILER_APPICON_NAME = AppIcon;
				ASSETCATALOG_COMPILER_GLOBAL_ACCENT_COLOR_NAME = AccentColor;
				CODE_SIGN_STYLE = Automatic;
				CURRENT_PROJECT_VERSION = 1;
				DEVELOPMENT_TEAM = DF58PAJ98V;
				FRAMEWORK_SEARCH_PATHS = (
					"$(inherited)",
					"$(PROJECT_DIR)/Framework",
				);
				GENERATE_INFOPLIST_FILE = YES;
				INFOPLIST_FILE = TaskSpeech/Info.plist;
				INFOPLIST_KEY_UIApplicationSupportsIndirectInputEvents = YES;
				INFOPLIST_KEY_UILaunchStoryboardName = LaunchScreen;
				INFOPLIST_KEY_UIMainStoryboardFile = Main;
				INFOPLIST_KEY_UISupportedInterfaceOrientations_iPad = "UIInterfaceOrientationPortrait UIInterfaceOrientationPortraitUpsideDown UIInterfaceOrientationLandscapeLeft UIInterfaceOrientationLandscapeRight";
				INFOPLIST_KEY_UISupportedInterfaceOrientations_iPhone = "UIInterfaceOrientationPortrait UIInterfaceOrientationLandscapeLeft UIInterfaceOrientationLandscapeRight";
				LD_RUNPATH_SEARCH_PATHS = (
					"$(inherited)",
					"@executable_path/Frameworks",
				);
				MARKETING_VERSION = 1.0;
				PRODUCT_BUNDLE_IDENTIFIER = edu.depaul.csc471..TaskSpeech;
				PRODUCT_NAME = "$(TARGET_NAME)";
				SWIFT_EMIT_LOC_STRINGS = YES;
				SWIFT_OBJC_BRIDGING_HEADER = ../TaskSpeech/TaskSpeech/OpenEarsHeader.h;
				SWIFT_VERSION = 5.0;
				TARGETED_DEVICE_FAMILY = "1,2";
			};
			name = Release;
		};
/* End XCBuildConfiguration section */

/* Begin XCConfigurationList section */
		043C2F1228590B1D002C8B61 /* Build configuration list for PBXProject "TaskSpeech" */ = {
			isa = XCConfigurationList;
			buildConfigurations = (
				043C2F2928590B1E002C8B61 /* Debug */,
				043C2F2A28590B1E002C8B61 /* Release */,
			);
			defaultConfigurationIsVisible = 0;
			defaultConfigurationName = Release;
		};
		043C2F2B28590B1E002C8B61 /* Build configuration list for PBXNativeTarget "TaskSpeech" */ = {
			isa = XCConfigurationList;
			buildConfigurations = (
				043C2F2C28590B1E002C8B61 /* Debug */,
				043C2F2D28590B1E002C8B61 /* Release */,
			);
			defaultConfigurationIsVisible = 0;
			defaultConfigurationName = Release;
		};
/* End XCConfigurationList section */
	};
	rootObject = 043C2F0F28590B1D002C8B61 /* Project object */;
}
